
Microsoft Visual Studio Solution File, Format Version 12.00
# Visual Studio 15
VisualStudioVersion = 15.0.28307.136
MinimumVisualStudioVersion = 10.0.40219.1
Project("{8BC9CEB8-8B4A-11D0-8D11-00A0C91BC942}") = "C++Compilation", "C++Compilation\C++Compilation.vcxproj", "{4396B9F9-9095-4511-B07B-AEDE4E11A6E8}"
EndProject
Global
	GlobalSection(SolutionConfigurationPlatforms) = preSolution
		Debug-C++11|VisualGDB = Debug-C++11|VisualGDB
		Debug-C++14|VisualGDB = Debug-C++14|VisualGDB
		Debug-C++17|VisualGDB = Debug-C++17|VisualGDB
		Release-C++11|VisualGDB = Release-C++11|VisualGDB
		Release-C++14|VisualGDB = Release-C++14|VisualGDB
		Release-C++17|VisualGDB = Release-C++17|VisualGDB
	EndGlobalSection
	GlobalSection(ProjectConfigurationPlatforms) = postSolution
		{4396B9F9-9095-4511-B07B-AEDE4E11A6E8}.Debug-C++11|VisualGDB.ActiveCfg = Debug-C++11|VisualGDB
		{4396B9F9-9095-4511-B07B-AEDE4E11A6E8}.Debug-C++11|VisualGDB.Build.0 = Debug-C++11|VisualGDB
		{4396B9F9-9095-4511-B07B-AEDE4E11A6E8}.Debug-C++14|VisualGDB.ActiveCfg = Debug-C++14|VisualGDB
		{4396B9F9-9095-4511-B07B-AEDE4E11A6E8}.Debug-C++14|VisualGDB.Build.0 = Debug-C++14|VisualGDB
		{4396B9F9-9095-4511-B07B-AEDE4E11A6E8}.Debug-C++17|VisualGDB.ActiveCfg = Debug-C++17|VisualGDB
		{4396B9F9-9095-4511-B07B-AEDE4E11A6E8}.Debug-C++17|VisualGDB.Build.0 = Debug-C++17|VisualGDB
		{4396B9F9-9095-4511-B07B-AEDE4E11A6E8}.Release-C++11|VisualGDB.ActiveCfg = Release-C++11|VisualGDB
		{4396B9F9-9095-4511-B07B-AEDE4E11A6E8}.Release-C++11|VisualGDB.Build.0 = Release-C++11|VisualGDB
		{4396B9F9-9095-4511-B07B-AEDE4E11A6E8}.Release-C++14|VisualGDB.ActiveCfg = Release-C++14|VisualGDB
		{4396B9F9-9095-4511-B07B-AEDE4E11A6E8}.Release-C++14|VisualGDB.Build.0 = Release-C++14|VisualGDB
		{4396B9F9-9095-4511-B07B-AEDE4E11A6E8}.Release-C++17|VisualGDB.ActiveCfg = Release-C++17|VisualGDB
		{4396B9F9-9095-4511-B07B-AEDE4E11A6E8}.Release-C++17|VisualGDB.Build.0 = Release-C++17|VisualGDB
	EndGlobalSection
	GlobalSection(SolutionProperties) = preSolution
		HideSolutionNode = FALSE
	EndGlobalSection
	GlobalSection(ExtensibilityGlobals) = postSolution
		SolutionGuid = {90E96463-F323-4FE4-A0F7-CB3229D5EC28}
	EndGlobalSection
EndGlobal
