<?xml version="1.0" encoding="utf-8"?>
<Project ToolsVersion="4.0" xmlns="http://schemas.microsoft.com/developer/msbuild/2003">
  <ItemGroup>
    <ClCompile Include="main.cpp" />
    <ClCompile Include="..\..\..\..\tst\test_rf24phy_init.cpp">
      <Filter>tst</Filter>
    </ClCompile>
    <ClCompile Include="..\..\..\..\lib\Chimera\Chimera\chimera.cpp">
      <Filter>Chimera</Filter>
    </ClCompile>
    <ClCompile Include="..\..\..\..\lib\Chimera\Chimera\logging.cpp">
      <Filter>Chimera</Filter>
    </ClCompile>
    <ClCompile Include="..\..\..\..\lib\Chimera\Chimera\threading.cpp">
      <Filter>Chimera</Filter>
    </ClCompile>
    <ClInclude Include="..\..\..\..\lib\Chimera\Chimera\assertion.hpp">
      <Filter>Chimera</Filter>
    </ClInclude>
    <ClInclude Include="..\..\..\..\lib\Chimera\Chimera\chimera.hpp">
      <Filter>Chimera</Filter>
    </ClInclude>
    <ClInclude Include="..\..\..\..\lib\Chimera\Chimera\clock.hpp">
      <Filter>Chimera</Filter>
    </ClInclude>
    <ClInclude Include="..\..\..\..\lib\Chimera\Chimera\config.hpp">
      <Filter>Chimera</Filter>
    </ClInclude>
    <ClInclude Include="..\..\..\..\lib\Chimera\Chimera\gpio.hpp">
      <Filter>Chimera</Filter>
    </ClInclude>
    <ClInclude Include="..\..\..\..\lib\Chimera\Chimera\interface.hpp">
      <Filter>Chimera</Filter>
    </ClInclude>
    <ClInclude Include="..\..\..\..\lib\Chimera\Chimera\logging.hpp">
      <Filter>Chimera</Filter>
    </ClInclude>
    <ClInclude Include="..\..\..\..\lib\Chimera\Chimera\preprocessor.hpp">
      <Filter>Chimera</Filter>
    </ClInclude>
    <ClInclude Include="..\..\..\..\lib\Chimera\Chimera\serial.hpp">
      <Filter>Chimera</Filter>
    </ClInclude>
    <ClInclude Include="..\..\..\..\lib\Chimera\Chimera\spi.hpp">
      <Filter>Chimera</Filter>
    </ClInclude>
    <ClInclude Include="..\..\..\..\lib\Chimera\Chimera\system.hpp">
      <Filter>Chimera</Filter>
    </ClInclude>
    <ClInclude Include="..\..\..\..\lib\Chimera\Chimera\threading.hpp">
      <Filter>Chimera</Filter>
    </ClInclude>
    <ClInclude Include="..\..\..\..\lib\Chimera\Chimera\types.hpp">
      <Filter>Chimera</Filter>
    </ClInclude>
    <ClInclude Include="..\..\..\..\lib\Chimera\Chimera\utilities.hpp">
      <Filter>Chimera</Filter>
    </ClInclude>
    <ClInclude Include="..\..\..\..\lib\Chimera\Chimera\watchdog.hpp">
      <Filter>Chimera</Filter>
    </ClInclude>
    <ClCompile Include="..\..\..\..\lib\Chimera\Chimera\mock\chimera_mock_delay.cpp">
      <Filter>Chimera\mock</Filter>
    </ClCompile>
    <ClCompile Include="..\..\..\..\lib\Chimera\Chimera\mock\chimera_mock_spi.cpp">
      <Filter>Chimera\mock</Filter>
    </ClCompile>
    <ClCompile Include="..\..\..\..\lib\Chimera\Chimera\mock\chimera_mock_watchdog.cpp">
      <Filter>Chimera\mock</Filter>
    </ClCompile>
    <ClInclude Include="..\..\..\..\lib\Chimera\Chimera\mock\chimeraPort.hpp">
      <Filter>Chimera\mock</Filter>
    </ClInclude>
    <ClInclude Include="..\..\..\..\lib\Chimera\Chimera\mock\delay.hpp">
      <Filter>Chimera\mock</Filter>
    </ClInclude>
    <ClInclude Include="..\..\..\..\lib\Chimera\Chimera\mock\spi.hpp">
      <Filter>Chimera\mock</Filter>
    </ClInclude>
    <ClInclude Include="..\..\..\..\lib\Chimera\Chimera\mock\watchdog.hpp">
      <Filter>Chimera\mock</Filter>
    </ClInclude>
    <ClCompile Include="$(MSBuildThisFileDirectory)..\..\lib\native\src\gtest-all.cc" />
    <ClCompile Include="$(MSBuildThisFileDirectory)..\..\lib\native\src\gmock-all.cc" />
    <ClCompile Include="..\..\..\..\RF24Physical\RF24Phy\RF24Phy.cpp">
      <Filter>RF24Physical</Filter>
    </ClCompile>
    <ClCompile Include="..\..\..\..\RF24Physical\RF24Phy\RF24PhyDef.cpp">
      <Filter>RF24Physical</Filter>
    </ClCompile>
  </ItemGroup>
  <ItemGroup>
    <Filter Include="tst">
      <UniqueIdentifier>{9f76fbf1-df35-4d04-b41f-027af1defec4}</UniqueIdentifier>
    </Filter>
    <Filter Include="RF24Physical">
      <UniqueIdentifier>{784a743f-2951-450b-8033-ca5778455381}</UniqueIdentifier>
    </Filter>
    <Filter Include="Chimera">
      <UniqueIdentifier>{f11e4212-c8a1-45ce-a4db-75660c29e82e}</UniqueIdentifier>
    </Filter>
    <Filter Include="Chimera\mock">
      <UniqueIdentifier>{f518ad93-1ab8-4ca2-b476-41b9e528d3cb}</UniqueIdentifier>
    </Filter>
  </ItemGroup>
  <ItemGroup>
    <None Include="packages.config" />
  </ItemGroup>
  <ItemGroup>
    <ClInclude Include="..\..\..\..\RF24Physical\RF24Phy\RF24Phy.hpp">
      <Filter>RF24Physical</Filter>
    </ClInclude>
    <ClInclude Include="..\..\..\..\RF24Physical\RF24Phy\RF24PhyDef.hpp">
      <Filter>RF24Physical</Filter>
    </ClInclude>
  </ItemGroup>
</Project>