<?xml version="1.0" encoding="utf-8"?>
<Project ToolsVersion="4.0" xmlns="http://schemas.microsoft.com/developer/msbuild/2003">
  <ItemGroup>
    <Filter Include="Source files">
      <UniqueIdentifier>{2f654240-2c34-4254-855c-b7eed40d1a88}</UniqueIdentifier>
      <Extensions>cpp;c;cc;cxx;def;odl;idl;hpj;bat;asm;asmx</Extensions>
    </Filter>
    <Filter Include="Header files">
      <UniqueIdentifier>{e6b3dcbb-1ac8-4086-a6db-c3b74cc9ab6c}</UniqueIdentifier>
      <Extensions>h;hpp;hxx;hm;inl;inc;xsd</Extensions>
    </Filter>
    <Filter Include="Resource files">
      <UniqueIdentifier>{424dbf14-5d1c-4445-99f1-385551ebebc9}</UniqueIdentifier>
      <Extensions>rc;ico;cur;bmp;dlg;rc2;rct;bin;rgs;gif;jpg;jpeg;jpe;resx;tiff;tif;png;wav</Extensions>
    </Filter>
    <Filter Include="Source files\Device-specific files">
      <UniqueIdentifier>{08a5c5d9-c7e8-4863-888e-660be98f654d}</UniqueIdentifier>
    </Filter>
    <Filter Include="Header files\Device-specific files">
      <UniqueIdentifier>{b7e08e7a-bf73-42a3-b5b4-3d15606d068d}</UniqueIdentifier>
    </Filter>
    <Filter Include="VisualGDB settings">
      <UniqueIdentifier>{39188020-9dd0-4703-b756-0cdb0fd7857c}</UniqueIdentifier>
    </Filter>
    <Filter Include="nRF24L01">
      <UniqueIdentifier>{5b9a2ee4-5115-4873-9d24-439df24d1e31}</UniqueIdentifier>
    </Filter>
    <Filter Include="Thor">
      <UniqueIdentifier>{8c260620-f563-49bc-94fb-abbeaea0e5cf}</UniqueIdentifier>
    </Filter>
    <Filter Include="Thor\HAL">
      <UniqueIdentifier>{20bbb318-70ba-4505-a694-2b49afac6dda}</UniqueIdentifier>
    </Filter>
    <Filter Include="Chimera">
      <UniqueIdentifier>{e13730c7-1f9c-4b7d-92df-6d28fac9871c}</UniqueIdentifier>
    </Filter>
    <Filter Include="Thor\Include">
      <UniqueIdentifier>{b825ffb3-8d8a-4b84-9c72-37017f970f28}</UniqueIdentifier>
    </Filter>
    <Filter Include="Thor\Source">
      <UniqueIdentifier>{f91cf432-f663-4ca5-a050-4145e8666847}</UniqueIdentifier>
    </Filter>
    <Filter Include="FreeRTOS">
      <UniqueIdentifier>{ed7e7e04-09eb-4442-9aaa-bab941ed6e34}</UniqueIdentifier>
    </Filter>
    <Filter Include="FreeRTOS\config">
      <UniqueIdentifier>{c2de6596-8a1a-4e83-bf24-4a6fdec4e032}</UniqueIdentifier>
    </Filter>
    <Filter Include="FreeRTOS\config\stm32">
      <UniqueIdentifier>{17e991df-0d56-4d22-8862-39e76919677a}</UniqueIdentifier>
    </Filter>
    <Filter Include="FreeRTOS\include">
      <UniqueIdentifier>{51f3e5b8-3d51-4d62-98a5-3bbfb6727219}</UniqueIdentifier>
    </Filter>
    <Filter Include="FreeRTOS\portable">
      <UniqueIdentifier>{880041f2-26c1-462c-8e7c-323db0fc62f2}</UniqueIdentifier>
    </Filter>
    <Filter Include="FreeRTOS\portable\Common">
      <UniqueIdentifier>{e02770fd-ab4b-40e9-b133-6c9161184ee6}</UniqueIdentifier>
    </Filter>
    <Filter Include="FreeRTOS\portable\GCC">
      <UniqueIdentifier>{dc839bc6-6cdf-41f2-8f56-8b11d341d849}</UniqueIdentifier>
    </Filter>
    <Filter Include="FreeRTOS\portable\GCC\ARM_CM4F">
      <UniqueIdentifier>{ac00c3e9-29c7-472b-a161-d60094225a7f}</UniqueIdentifier>
    </Filter>
    <Filter Include="FreeRTOS\portable\MemMang">
      <UniqueIdentifier>{08100d66-c35f-45dd-b60c-47fc8d5bdaa6}</UniqueIdentifier>
    </Filter>
    <Filter Include="Source files\Device-specific files\Semihosting/Profiler">
      <UniqueIdentifier>{2727e4d7-da42-462f-9138-84caf212dafb}</UniqueIdentifier>
    </Filter>
    <Filter Include="Header files\Device-specific files\Semihosting/Profiler">
      <UniqueIdentifier>{59f3df0e-3c05-42a6-a606-86ed5bdad695}</UniqueIdentifier>
    </Filter>
  </ItemGroup>
  <ItemGroup>
    <None Include="stm32.props">
      <Filter>Source files\Device-specific files</Filter>
    </None>
    <None Include="stm32.xml">
      <Filter>VisualGDB settings</Filter>
    </None>
    <None Include="TransmitterSTM32-Debug.vgdbsettings">
      <Filter>VisualGDB settings</Filter>
    </None>
    <None Include="TransmitterSTM32-Release.vgdbsettings">
      <Filter>VisualGDB settings</Filter>
    </None>
    <ClCompile Include="$(EFP_BASE)\Profiler\FastSemihosting.cpp">
      <Filter>Source files\Device-specific files\Semihosting/Profiler</Filter>
    </ClCompile>
    <ClCompile Include="$(EFP_BASE)\Profiler\SamplingProfiler.cpp">
      <Filter>Source files\Device-specific files\Semihosting/Profiler</Filter>
    </ClCompile>
    <ClCompile Include="$(EFP_BASE)\Profiler\InstrumentingProfiler.cpp">
      <Filter>Source files\Device-specific files\Semihosting/Profiler</Filter>
    </ClCompile>
    <ClCompile Include="$(EFP_BASE)\Profiler\ProfilerRTOS_FreeRTOS.c">
      <Filter>Source files\Device-specific files\Semihosting/Profiler</Filter>
    </ClCompile>
    <ClInclude Include="$(EFP_BASE)\Profiler\SysprogsProfiler.h">
      <Filter>Header files\Device-specific files\Semihosting/Profiler</Filter>
    </ClInclude>
    <ClInclude Include="$(EFP_BASE)\Profiler\SmallNumberCoder.h">
      <Filter>Header files\Device-specific files\Semihosting/Profiler</Filter>
    </ClInclude>
    <ClInclude Include="$(EFP_BASE)\Profiler\SysprogsProfilerInterface.h">
      <Filter>Header files\Device-specific files\Semihosting/Profiler</Filter>
    </ClInclude>
    <ClInclude Include="$(EFP_BASE)\Profiler\ProfilerFreeRTOSHooks.h">
      <Filter>Header files\Device-specific files\Semihosting/Profiler</Filter>
    </ClInclude>
    <ClInclude Include="$(EFP_BASE)\Profiler\CustomRealTimeWatches.h">
      <Filter>Header files\Device-specific files\Semihosting/Profiler</Filter>
    </ClInclude>
    <ClInclude Include="$(EFP_BASE)\Profiler\DebuggerChecker.h">
      <Filter>Header files\Device-specific files\Semihosting/Profiler</Filter>
    </ClInclude>
  </ItemGroup>
  <ItemGroup>
    <ClCompile Include="$(THOR_ROOT)\Thor\lib\stm32hal_f4\Device\startup\startup_stm32f446xx.c">
      <Filter>Thor\HAL</Filter>
    </ClCompile>
    <ClCompile Include="$(THOR_ROOT)\Thor\lib\stm32hal_f4\STM32F4xx_HAL_Driver\Src\stm32f4xx_hal.c">
      <Filter>Thor\HAL</Filter>
    </ClCompile>
    <ClCompile Include="$(THOR_ROOT)\Thor\lib\stm32hal_f4\STM32F4xx_HAL_Driver\Src\stm32f4xx_hal_adc.c">
      <Filter>Thor\HAL</Filter>
    </ClCompile>
    <ClCompile Include="$(THOR_ROOT)\Thor\lib\stm32hal_f4\STM32F4xx_HAL_Driver\Src\stm32f4xx_hal_adc_ex.c">
      <Filter>Thor\HAL</Filter>
    </ClCompile>
    <ClCompile Include="$(THOR_ROOT)\Thor\lib\stm32hal_f4\STM32F4xx_HAL_Driver\Src\stm32f4xx_hal_can.c">
      <Filter>Thor\HAL</Filter>
    </ClCompile>
    <ClCompile Include="$(THOR_ROOT)\Thor\lib\stm32hal_f4\STM32F4xx_HAL_Driver\Src\stm32f4xx_hal_cec.c">
      <Filter>Thor\HAL</Filter>
    </ClCompile>
    <ClCompile Include="$(THOR_ROOT)\Thor\lib\stm32hal_f4\STM32F4xx_HAL_Driver\Src\stm32f4xx_hal_cortex.c">
      <Filter>Thor\HAL</Filter>
    </ClCompile>
    <ClCompile Include="$(THOR_ROOT)\Thor\lib\stm32hal_f4\STM32F4xx_HAL_Driver\Src\stm32f4xx_hal_crc.c">
      <Filter>Thor\HAL</Filter>
    </ClCompile>
    <ClCompile Include="$(THOR_ROOT)\Thor\lib\stm32hal_f4\STM32F4xx_HAL_Driver\Src\stm32f4xx_hal_cryp.c">
      <Filter>Thor\HAL</Filter>
    </ClCompile>
    <ClCompile Include="$(THOR_ROOT)\Thor\lib\stm32hal_f4\STM32F4xx_HAL_Driver\Src\stm32f4xx_hal_cryp_ex.c">
      <Filter>Thor\HAL</Filter>
    </ClCompile>
    <ClCompile Include="$(THOR_ROOT)\Thor\lib\stm32hal_f4\STM32F4xx_HAL_Driver\Src\stm32f4xx_hal_dac.c">
      <Filter>Thor\HAL</Filter>
    </ClCompile>
    <ClCompile Include="$(THOR_ROOT)\Thor\lib\stm32hal_f4\STM32F4xx_HAL_Driver\Src\stm32f4xx_hal_dac_ex.c">
      <Filter>Thor\HAL</Filter>
    </ClCompile>
    <ClCompile Include="$(THOR_ROOT)\Thor\lib\stm32hal_f4\STM32F4xx_HAL_Driver\Src\stm32f4xx_hal_dcmi.c">
      <Filter>Thor\HAL</Filter>
    </ClCompile>
    <ClCompile Include="$(THOR_ROOT)\Thor\lib\stm32hal_f4\STM32F4xx_HAL_Driver\Src\stm32f4xx_hal_dcmi_ex.c">
      <Filter>Thor\HAL</Filter>
    </ClCompile>
    <ClCompile Include="$(THOR_ROOT)\Thor\lib\stm32hal_f4\STM32F4xx_HAL_Driver\Src\stm32f4xx_hal_dfsdm.c">
      <Filter>Thor\HAL</Filter>
    </ClCompile>
    <ClCompile Include="$(THOR_ROOT)\Thor\lib\stm32hal_f4\STM32F4xx_HAL_Driver\Src\stm32f4xx_hal_dma.c">
      <Filter>Thor\HAL</Filter>
    </ClCompile>
    <ClCompile Include="$(THOR_ROOT)\Thor\lib\stm32hal_f4\STM32F4xx_HAL_Driver\Src\stm32f4xx_hal_dma_ex.c">
      <Filter>Thor\HAL</Filter>
    </ClCompile>
    <ClCompile Include="$(THOR_ROOT)\Thor\lib\stm32hal_f4\STM32F4xx_HAL_Driver\Src\stm32f4xx_hal_dma2d.c">
      <Filter>Thor\HAL</Filter>
    </ClCompile>
    <ClCompile Include="$(THOR_ROOT)\Thor\lib\stm32hal_f4\STM32F4xx_HAL_Driver\Src\stm32f4xx_hal_dsi.c">
      <Filter>Thor\HAL</Filter>
    </ClCompile>
    <ClCompile Include="$(THOR_ROOT)\Thor\lib\stm32hal_f4\STM32F4xx_HAL_Driver\Src\stm32f4xx_hal_eth.c">
      <Filter>Thor\HAL</Filter>
    </ClCompile>
    <ClCompile Include="$(THOR_ROOT)\Thor\lib\stm32hal_f4\STM32F4xx_HAL_Driver\Src\stm32f4xx_hal_flash.c">
      <Filter>Thor\HAL</Filter>
    </ClCompile>
    <ClCompile Include="$(THOR_ROOT)\Thor\lib\stm32hal_f4\STM32F4xx_HAL_Driver\Src\stm32f4xx_hal_flash_ex.c">
      <Filter>Thor\HAL</Filter>
    </ClCompile>
    <ClCompile Include="$(THOR_ROOT)\Thor\lib\stm32hal_f4\STM32F4xx_HAL_Driver\Src\stm32f4xx_hal_flash_ramfunc.c">
      <Filter>Thor\HAL</Filter>
    </ClCompile>
    <ClCompile Include="$(THOR_ROOT)\Thor\lib\stm32hal_f4\STM32F4xx_HAL_Driver\Src\stm32f4xx_hal_fmpi2c.c">
      <Filter>Thor\HAL</Filter>
    </ClCompile>
    <ClCompile Include="$(THOR_ROOT)\Thor\lib\stm32hal_f4\STM32F4xx_HAL_Driver\Src\stm32f4xx_hal_fmpi2c_ex.c">
      <Filter>Thor\HAL</Filter>
    </ClCompile>
    <ClCompile Include="$(THOR_ROOT)\Thor\lib\stm32hal_f4\STM32F4xx_HAL_Driver\Src\stm32f4xx_hal_gpio.c">
      <Filter>Thor\HAL</Filter>
    </ClCompile>
    <ClCompile Include="$(THOR_ROOT)\Thor\lib\stm32hal_f4\STM32F4xx_HAL_Driver\Src\stm32f4xx_hal_hash.c">
      <Filter>Thor\HAL</Filter>
    </ClCompile>
    <ClCompile Include="$(THOR_ROOT)\Thor\lib\stm32hal_f4\STM32F4xx_HAL_Driver\Src\stm32f4xx_hal_hash_ex.c">
      <Filter>Thor\HAL</Filter>
    </ClCompile>
    <ClCompile Include="$(THOR_ROOT)\Thor\lib\stm32hal_f4\STM32F4xx_HAL_Driver\Src\stm32f4xx_hal_hcd.c">
      <Filter>Thor\HAL</Filter>
    </ClCompile>
    <ClCompile Include="$(THOR_ROOT)\Thor\lib\stm32hal_f4\STM32F4xx_HAL_Driver\Src\stm32f4xx_hal_i2c.c">
      <Filter>Thor\HAL</Filter>
    </ClCompile>
    <ClCompile Include="$(THOR_ROOT)\Thor\lib\stm32hal_f4\STM32F4xx_HAL_Driver\Src\stm32f4xx_hal_i2c_ex.c">
      <Filter>Thor\HAL</Filter>
    </ClCompile>
    <ClCompile Include="$(THOR_ROOT)\Thor\lib\stm32hal_f4\STM32F4xx_HAL_Driver\Src\stm32f4xx_hal_i2s.c">
      <Filter>Thor\HAL</Filter>
    </ClCompile>
    <ClCompile Include="$(THOR_ROOT)\Thor\lib\stm32hal_f4\STM32F4xx_HAL_Driver\Src\stm32f4xx_hal_i2s_ex.c">
      <Filter>Thor\HAL</Filter>
    </ClCompile>
    <ClCompile Include="$(THOR_ROOT)\Thor\lib\stm32hal_f4\STM32F4xx_HAL_Driver\Src\stm32f4xx_hal_irda.c">
      <Filter>Thor\HAL</Filter>
    </ClCompile>
    <ClCompile Include="$(THOR_ROOT)\Thor\lib\stm32hal_f4\STM32F4xx_HAL_Driver\Src\stm32f4xx_hal_iwdg.c">
      <Filter>Thor\HAL</Filter>
    </ClCompile>
    <ClCompile Include="$(THOR_ROOT)\Thor\lib\stm32hal_f4\STM32F4xx_HAL_Driver\Src\stm32f4xx_hal_lptim.c">
      <Filter>Thor\HAL</Filter>
    </ClCompile>
    <ClCompile Include="$(THOR_ROOT)\Thor\lib\stm32hal_f4\STM32F4xx_HAL_Driver\Src\stm32f4xx_hal_ltdc.c">
      <Filter>Thor\HAL</Filter>
    </ClCompile>
    <ClCompile Include="$(THOR_ROOT)\Thor\lib\stm32hal_f4\STM32F4xx_HAL_Driver\Src\stm32f4xx_hal_ltdc_ex.c">
      <Filter>Thor\HAL</Filter>
    </ClCompile>
    <ClCompile Include="$(THOR_ROOT)\Thor\lib\stm32hal_f4\STM32F4xx_HAL_Driver\Src\stm32f4xx_hal_mmc.c">
      <Filter>Thor\HAL</Filter>
    </ClCompile>
    <ClCompile Include="$(THOR_ROOT)\Thor\lib\stm32hal_f4\STM32F4xx_HAL_Driver\Src\stm32f4xx_hal_nand.c">
      <Filter>Thor\HAL</Filter>
    </ClCompile>
    <ClCompile Include="$(THOR_ROOT)\Thor\lib\stm32hal_f4\STM32F4xx_HAL_Driver\Src\stm32f4xx_hal_nor.c">
      <Filter>Thor\HAL</Filter>
    </ClCompile>
    <ClCompile Include="$(THOR_ROOT)\Thor\lib\stm32hal_f4\STM32F4xx_HAL_Driver\Src\stm32f4xx_hal_pccard.c">
      <Filter>Thor\HAL</Filter>
    </ClCompile>
    <ClCompile Include="$(THOR_ROOT)\Thor\lib\stm32hal_f4\STM32F4xx_HAL_Driver\Src\stm32f4xx_hal_pcd.c">
      <Filter>Thor\HAL</Filter>
    </ClCompile>
    <ClCompile Include="$(THOR_ROOT)\Thor\lib\stm32hal_f4\STM32F4xx_HAL_Driver\Src\stm32f4xx_hal_pcd_ex.c">
      <Filter>Thor\HAL</Filter>
    </ClCompile>
    <ClCompile Include="$(THOR_ROOT)\Thor\lib\stm32hal_f4\STM32F4xx_HAL_Driver\Src\stm32f4xx_hal_pwr.c">
      <Filter>Thor\HAL</Filter>
    </ClCompile>
    <ClCompile Include="$(THOR_ROOT)\Thor\lib\stm32hal_f4\STM32F4xx_HAL_Driver\Src\stm32f4xx_hal_pwr_ex.c">
      <Filter>Thor\HAL</Filter>
    </ClCompile>
    <ClCompile Include="$(THOR_ROOT)\Thor\lib\stm32hal_f4\STM32F4xx_HAL_Driver\Src\stm32f4xx_hal_qspi.c">
      <Filter>Thor\HAL</Filter>
    </ClCompile>
    <ClCompile Include="$(THOR_ROOT)\Thor\lib\stm32hal_f4\STM32F4xx_HAL_Driver\Src\stm32f4xx_hal_rcc.c">
      <Filter>Thor\HAL</Filter>
    </ClCompile>
    <ClCompile Include="$(THOR_ROOT)\Thor\lib\stm32hal_f4\STM32F4xx_HAL_Driver\Src\stm32f4xx_hal_rcc_ex.c">
      <Filter>Thor\HAL</Filter>
    </ClCompile>
    <ClCompile Include="$(THOR_ROOT)\Thor\lib\stm32hal_f4\STM32F4xx_HAL_Driver\Src\stm32f4xx_hal_rng.c">
      <Filter>Thor\HAL</Filter>
    </ClCompile>
    <ClCompile Include="$(THOR_ROOT)\Thor\lib\stm32hal_f4\STM32F4xx_HAL_Driver\Src\stm32f4xx_hal_rtc.c">
      <Filter>Thor\HAL</Filter>
    </ClCompile>
    <ClCompile Include="$(THOR_ROOT)\Thor\lib\stm32hal_f4\STM32F4xx_HAL_Driver\Src\stm32f4xx_hal_rtc_ex.c">
      <Filter>Thor\HAL</Filter>
    </ClCompile>
    <ClCompile Include="$(THOR_ROOT)\Thor\lib\stm32hal_f4\STM32F4xx_HAL_Driver\Src\stm32f4xx_hal_sai.c">
      <Filter>Thor\HAL</Filter>
    </ClCompile>
    <ClCompile Include="$(THOR_ROOT)\Thor\lib\stm32hal_f4\STM32F4xx_HAL_Driver\Src\stm32f4xx_hal_sai_ex.c">
      <Filter>Thor\HAL</Filter>
    </ClCompile>
    <ClCompile Include="$(THOR_ROOT)\Thor\lib\stm32hal_f4\STM32F4xx_HAL_Driver\Src\stm32f4xx_hal_sd.c">
      <Filter>Thor\HAL</Filter>
    </ClCompile>
    <ClCompile Include="$(THOR_ROOT)\Thor\lib\stm32hal_f4\STM32F4xx_HAL_Driver\Src\stm32f4xx_hal_sdram.c">
      <Filter>Thor\HAL</Filter>
    </ClCompile>
    <ClCompile Include="$(THOR_ROOT)\Thor\lib\stm32hal_f4\STM32F4xx_HAL_Driver\Src\stm32f4xx_hal_smartcard.c">
      <Filter>Thor\HAL</Filter>
    </ClCompile>
    <ClCompile Include="$(THOR_ROOT)\Thor\lib\stm32hal_f4\STM32F4xx_HAL_Driver\Src\stm32f4xx_hal_spdifrx.c">
      <Filter>Thor\HAL</Filter>
    </ClCompile>
    <ClCompile Include="$(THOR_ROOT)\Thor\lib\stm32hal_f4\STM32F4xx_HAL_Driver\Src\stm32f4xx_hal_spi.c">
      <Filter>Thor\HAL</Filter>
    </ClCompile>
    <ClCompile Include="$(THOR_ROOT)\Thor\lib\stm32hal_f4\STM32F4xx_HAL_Driver\Src\stm32f4xx_hal_sram.c">
      <Filter>Thor\HAL</Filter>
    </ClCompile>
    <ClCompile Include="$(THOR_ROOT)\Thor\lib\stm32hal_f4\STM32F4xx_HAL_Driver\Src\stm32f4xx_hal_tim.c">
      <Filter>Thor\HAL</Filter>
    </ClCompile>
    <ClCompile Include="$(THOR_ROOT)\Thor\lib\stm32hal_f4\STM32F4xx_HAL_Driver\Src\stm32f4xx_hal_tim_ex.c">
      <Filter>Thor\HAL</Filter>
    </ClCompile>
    <ClCompile Include="$(THOR_ROOT)\Thor\lib\stm32hal_f4\STM32F4xx_HAL_Driver\Src\stm32f4xx_hal_uart.c">
      <Filter>Thor\HAL</Filter>
    </ClCompile>
    <ClCompile Include="$(THOR_ROOT)\Thor\lib\stm32hal_f4\STM32F4xx_HAL_Driver\Src\stm32f4xx_hal_usart.c">
      <Filter>Thor\HAL</Filter>
    </ClCompile>
    <ClCompile Include="$(THOR_ROOT)\Thor\lib\stm32hal_f4\STM32F4xx_HAL_Driver\Src\stm32f4xx_hal_wwdg.c">
      <Filter>Thor\HAL</Filter>
    </ClCompile>
    <ClCompile Include="$(THOR_ROOT)\Thor\lib\stm32hal_f4\STM32F4xx_HAL_Driver\Src\stm32f4xx_ll_adc.c">
      <Filter>Thor\HAL</Filter>
    </ClCompile>
    <ClCompile Include="$(THOR_ROOT)\Thor\lib\stm32hal_f4\STM32F4xx_HAL_Driver\Src\stm32f4xx_ll_crc.c">
      <Filter>Thor\HAL</Filter>
    </ClCompile>
    <ClCompile Include="$(THOR_ROOT)\Thor\lib\stm32hal_f4\STM32F4xx_HAL_Driver\Src\stm32f4xx_ll_dac.c">
      <Filter>Thor\HAL</Filter>
    </ClCompile>
    <ClCompile Include="$(THOR_ROOT)\Thor\lib\stm32hal_f4\STM32F4xx_HAL_Driver\Src\stm32f4xx_ll_dma.c">
      <Filter>Thor\HAL</Filter>
    </ClCompile>
    <ClCompile Include="$(THOR_ROOT)\Thor\lib\stm32hal_f4\STM32F4xx_HAL_Driver\Src\stm32f4xx_ll_dma2d.c">
      <Filter>Thor\HAL</Filter>
    </ClCompile>
    <ClCompile Include="$(THOR_ROOT)\Thor\lib\stm32hal_f4\STM32F4xx_HAL_Driver\Src\stm32f4xx_ll_exti.c">
      <Filter>Thor\HAL</Filter>
    </ClCompile>
    <ClCompile Include="$(THOR_ROOT)\Thor\lib\stm32hal_f4\STM32F4xx_HAL_Driver\Src\stm32f4xx_ll_fmc.c">
      <Filter>Thor\HAL</Filter>
    </ClCompile>
    <ClCompile Include="$(THOR_ROOT)\Thor\lib\stm32hal_f4\STM32F4xx_HAL_Driver\Src\stm32f4xx_ll_fsmc.c">
      <Filter>Thor\HAL</Filter>
    </ClCompile>
    <ClCompile Include="$(THOR_ROOT)\Thor\lib\stm32hal_f4\STM32F4xx_HAL_Driver\Src\stm32f4xx_ll_gpio.c">
      <Filter>Thor\HAL</Filter>
    </ClCompile>
    <ClCompile Include="$(THOR_ROOT)\Thor\lib\stm32hal_f4\STM32F4xx_HAL_Driver\Src\stm32f4xx_ll_i2c.c">
      <Filter>Thor\HAL</Filter>
    </ClCompile>
    <ClCompile Include="$(THOR_ROOT)\Thor\lib\stm32hal_f4\STM32F4xx_HAL_Driver\Src\stm32f4xx_ll_lptim.c">
      <Filter>Thor\HAL</Filter>
    </ClCompile>
    <ClCompile Include="$(THOR_ROOT)\Thor\lib\stm32hal_f4\STM32F4xx_HAL_Driver\Src\stm32f4xx_ll_pwr.c">
      <Filter>Thor\HAL</Filter>
    </ClCompile>
    <ClCompile Include="$(THOR_ROOT)\Thor\lib\stm32hal_f4\STM32F4xx_HAL_Driver\Src\stm32f4xx_ll_rcc.c">
      <Filter>Thor\HAL</Filter>
    </ClCompile>
    <ClCompile Include="$(THOR_ROOT)\Thor\lib\stm32hal_f4\STM32F4xx_HAL_Driver\Src\stm32f4xx_ll_rng.c">
      <Filter>Thor\HAL</Filter>
    </ClCompile>
    <ClCompile Include="$(THOR_ROOT)\Thor\lib\stm32hal_f4\STM32F4xx_HAL_Driver\Src\stm32f4xx_ll_rtc.c">
      <Filter>Thor\HAL</Filter>
    </ClCompile>
    <ClCompile Include="$(THOR_ROOT)\Thor\lib\stm32hal_f4\STM32F4xx_HAL_Driver\Src\stm32f4xx_ll_sdmmc.c">
      <Filter>Thor\HAL</Filter>
    </ClCompile>
    <ClCompile Include="$(THOR_ROOT)\Thor\lib\stm32hal_f4\STM32F4xx_HAL_Driver\Src\stm32f4xx_ll_spi.c">
      <Filter>Thor\HAL</Filter>
    </ClCompile>
    <ClCompile Include="$(THOR_ROOT)\Thor\lib\stm32hal_f4\STM32F4xx_HAL_Driver\Src\stm32f4xx_ll_tim.c">
      <Filter>Thor\HAL</Filter>
    </ClCompile>
    <ClCompile Include="$(THOR_ROOT)\Thor\lib\stm32hal_f4\STM32F4xx_HAL_Driver\Src\stm32f4xx_ll_usart.c">
      <Filter>Thor\HAL</Filter>
    </ClCompile>
    <ClCompile Include="$(THOR_ROOT)\Thor\lib\stm32hal_f4\STM32F4xx_HAL_Driver\Src\stm32f4xx_ll_usb.c">
      <Filter>Thor\HAL</Filter>
    </ClCompile>
    <ClCompile Include="$(THOR_ROOT)\Thor\lib\stm32hal_f4\STM32F4xx_HAL_Driver\Src\stm32f4xx_ll_utils.c">
      <Filter>Thor\HAL</Filter>
    </ClCompile>
    <ClCompile Include="$(THOR_ROOT)\Thor\lib\stm32hal_f4\Device\sys\system_stm32f4xx.c">
      <Filter>Thor\HAL</Filter>
    </ClCompile>
    <ClCompile Include="$(CHIMERA_ROOT)\Chimera\chimera.cpp">
      <Filter>Chimera</Filter>
    </ClCompile>
    <ClCompile Include="$(CHIMERA_ROOT)\Chimera\logging.cpp">
      <Filter>Chimera</Filter>
    </ClCompile>
    <ClCompile Include="$(THOR_ROOT)\Thor\Thor\source\boostStub.cpp">
      <Filter>Thor\Source</Filter>
    </ClCompile>
    <ClCompile Include="$(THOR_ROOT)\Thor\Thor\source\clock.cpp">
      <Filter>Thor\Source</Filter>
    </ClCompile>
    <ClCompile Include="$(THOR_ROOT)\Thor\Thor\source\core.cpp">
      <Filter>Thor\Source</Filter>
    </ClCompile>
    <ClCompile Include="$(THOR_ROOT)\Thor\Thor\source\defaults.cpp">
      <Filter>Thor\Source</Filter>
    </ClCompile>
    <ClCompile Include="$(THOR_ROOT)\Thor\Thor\source\definitions.cpp">
      <Filter>Thor\Source</Filter>
    </ClCompile>
    <ClCompile Include="$(THOR_ROOT)\Thor\Thor\source\exceptions.cpp">
      <Filter>Thor\Source</Filter>
    </ClCompile>
    <ClCompile Include="$(THOR_ROOT)\Thor\Thor\source\exti.cpp">
      <Filter>Thor\Source</Filter>
    </ClCompile>
    <ClCompile Include="$(THOR_ROOT)\Thor\Thor\source\flags.cpp">
      <Filter>Thor\Source</Filter>
    </ClCompile>
    <ClCompile Include="$(THOR_ROOT)\Thor\Thor\source\gdb.cpp">
      <Filter>Thor\Source</Filter>
    </ClCompile>
    <ClCompile Include="$(THOR_ROOT)\Thor\Thor\source\gpio.cpp">
      <Filter>Thor\Source</Filter>
    </ClCompile>
    <ClCompile Include="$(THOR_ROOT)\Thor\Thor\source\i2c.cpp">
      <Filter>Thor\Source</Filter>
    </ClCompile>
    <ClCompile Include="$(THOR_ROOT)\Thor\Thor\source\interrupt.cpp">
      <Filter>Thor\Source</Filter>
    </ClCompile>
    <ClCompile Include="$(THOR_ROOT)\Thor\Thor\source\mem.cpp">
      <Filter>Thor\Source</Filter>
    </ClCompile>
    <ClCompile Include="$(THOR_ROOT)\Thor\Thor\source\nucleo.cpp">
      <Filter>Thor\Source</Filter>
    </ClCompile>
    <ClCompile Include="$(THOR_ROOT)\Thor\Thor\source\print.cpp">
      <Filter>Thor\Source</Filter>
    </ClCompile>
    <ClCompile Include="$(THOR_ROOT)\Thor\Thor\source\pwm.cpp">
      <Filter>Thor\Source</Filter>
    </ClCompile>
    <ClCompile Include="$(THOR_ROOT)\Thor\Thor\source\ringbuffer.cpp">
      <Filter>Thor\Source</Filter>
    </ClCompile>
    <ClCompile Include="$(THOR_ROOT)\Thor\Thor\source\rpc.cpp">
      <Filter>Thor\Source</Filter>
    </ClCompile>
    <ClCompile Include="$(THOR_ROOT)\Thor\Thor\source\serial.cpp">
      <Filter>Thor\Source</Filter>
    </ClCompile>
    <ClCompile Include="$(THOR_ROOT)\Thor\Thor\source\spi.cpp">
      <Filter>Thor\Source</Filter>
    </ClCompile>
    <ClCompile Include="$(THOR_ROOT)\Thor\Thor\source\thor.cpp">
      <Filter>Thor\Source</Filter>
    </ClCompile>
    <ClCompile Include="$(THOR_ROOT)\Thor\Thor\source\threads.cpp">
      <Filter>Thor\Source</Filter>
    </ClCompile>
    <ClCompile Include="$(THOR_ROOT)\Thor\Thor\source\thor_timer.cpp">
      <Filter>Thor\Source</Filter>
    </ClCompile>
    <ClCompile Include="$(THOR_ROOT)\Thor\Thor\source\uart.cpp">
      <Filter>Thor\Source</Filter>
    </ClCompile>
    <ClCompile Include="$(THOR_ROOT)\Thor\Thor\source\usart.cpp">
      <Filter>Thor\Source</Filter>
    </ClCompile>
    <ClCompile Include="$(CHIMERA_ROOT)\Chimera\threading.cpp">
      <Filter>Chimera</Filter>
    </ClCompile>
    <ClCompile Include="$(THOR_ROOT)\Thor\lib\FreeRTOS\portable\Common\mpu_wrappers.c">
      <Filter>FreeRTOS\portable\Common</Filter>
    </ClCompile>
    <ClCompile Include="$(THOR_ROOT)\Thor\lib\FreeRTOS\portable\MemMang\heap_4.c">
      <Filter>FreeRTOS\portable\MemMang</Filter>
    </ClCompile>
    <ClCompile Include="$(THOR_ROOT)\Thor\lib\FreeRTOS\croutine.c">
      <Filter>FreeRTOS</Filter>
    </ClCompile>
    <ClCompile Include="$(THOR_ROOT)\Thor\lib\FreeRTOS\event_groups.c">
      <Filter>FreeRTOS</Filter>
    </ClCompile>
    <ClCompile Include="$(THOR_ROOT)\Thor\lib\FreeRTOS\list.c">
      <Filter>FreeRTOS</Filter>
    </ClCompile>
    <ClCompile Include="$(THOR_ROOT)\Thor\lib\FreeRTOS\queue.c">
      <Filter>FreeRTOS</Filter>
    </ClCompile>
    <ClCompile Include="$(THOR_ROOT)\Thor\lib\FreeRTOS\stream_buffer.c">
      <Filter>FreeRTOS</Filter>
    </ClCompile>
    <ClCompile Include="$(THOR_ROOT)\Thor\lib\FreeRTOS\tasks.c">
      <Filter>FreeRTOS</Filter>
    </ClCompile>
    <ClCompile Include="$(THOR_ROOT)\Thor\lib\FreeRTOS\timers.c">
      <Filter>FreeRTOS</Filter>
    </ClCompile>
    <ClCompile Include="$(THOR_ROOT)\Thor\lib\FreeRTOS\portable\GCC\ARM_CM4F\port.c">
      <Filter>FreeRTOS\portable\GCC\ARM_CM4F</Filter>
    </ClCompile>
    <ClCompile Include="main.cpp">
      <Filter>Source files</Filter>
    </ClCompile>
    <ClCompile Include="sender_thread.cpp">
      <Filter>Source files</Filter>
    </ClCompile>
    <ClCompile Include="..\..\..\..\nrf24l01.cpp">
      <Filter>nRF24L01</Filter>
    </ClCompile>
    <ClCompile Include="..\..\..\..\nrf24l01Definitions.cpp">
      <Filter>nRF24L01</Filter>
    </ClCompile>
  </ItemGroup>
  <ItemGroup>
    <ClInclude Include="$(THOR_ROOT)\Thor\lib\stm32hal_f4\STM32F4xx_HAL_Driver\Inc\Legacy\stm32_hal_legacy.h">
      <Filter>Thor\HAL</Filter>
    </ClInclude>
    <ClInclude Include="$(THOR_ROOT)\Thor\lib\stm32hal_f4\Device\include\stm32f4xx.h">
      <Filter>Thor\HAL</Filter>
    </ClInclude>
    <ClInclude Include="$(THOR_ROOT)\Thor\lib\stm32hal_f4\STM32F4xx_HAL_Driver\Inc\stm32f4xx_hal.h">
      <Filter>Thor\HAL</Filter>
    </ClInclude>
    <ClInclude Include="$(THOR_ROOT)\Thor\lib\stm32hal_f4\STM32F4xx_HAL_Driver\Inc\stm32f4xx_hal_adc.h">
      <Filter>Thor\HAL</Filter>
    </ClInclude>
    <ClInclude Include="$(THOR_ROOT)\Thor\lib\stm32hal_f4\STM32F4xx_HAL_Driver\Inc\stm32f4xx_hal_adc_ex.h">
      <Filter>Thor\HAL</Filter>
    </ClInclude>
    <ClInclude Include="$(THOR_ROOT)\Thor\lib\stm32hal_f4\STM32F4xx_HAL_Driver\Inc\stm32f4xx_hal_can.h">
      <Filter>Thor\HAL</Filter>
    </ClInclude>
    <ClInclude Include="$(THOR_ROOT)\Thor\lib\stm32hal_f4\STM32F4xx_HAL_Driver\Inc\Legacy\stm32f4xx_hal_can_legacy.h">
      <Filter>Thor\HAL</Filter>
    </ClInclude>
    <ClInclude Include="$(THOR_ROOT)\Thor\lib\stm32hal_f4\STM32F4xx_HAL_Driver\Inc\stm32f4xx_hal_cec.h">
      <Filter>Thor\HAL</Filter>
    </ClInclude>
    <ClInclude Include="$(THOR_ROOT)\Thor\lib\stm32hal_f4\Device\conf\stm32f4xx_hal_conf.h">
      <Filter>Thor\HAL</Filter>
    </ClInclude>
    <ClInclude Include="$(THOR_ROOT)\Thor\lib\stm32hal_f4\STM32F4xx_HAL_Driver\Inc\stm32f4xx_hal_cortex.h">
      <Filter>Thor\HAL</Filter>
    </ClInclude>
    <ClInclude Include="$(THOR_ROOT)\Thor\lib\stm32hal_f4\STM32F4xx_HAL_Driver\Inc\stm32f4xx_hal_crc.h">
      <Filter>Thor\HAL</Filter>
    </ClInclude>
    <ClInclude Include="$(THOR_ROOT)\Thor\lib\stm32hal_f4\STM32F4xx_HAL_Driver\Inc\stm32f4xx_hal_cryp.h">
      <Filter>Thor\HAL</Filter>
    </ClInclude>
    <ClInclude Include="$(THOR_ROOT)\Thor\lib\stm32hal_f4\STM32F4xx_HAL_Driver\Inc\stm32f4xx_hal_cryp_ex.h">
      <Filter>Thor\HAL</Filter>
    </ClInclude>
    <ClInclude Include="$(THOR_ROOT)\Thor\lib\stm32hal_f4\STM32F4xx_HAL_Driver\Inc\stm32f4xx_hal_dac.h">
      <Filter>Thor\HAL</Filter>
    </ClInclude>
    <ClInclude Include="$(THOR_ROOT)\Thor\lib\stm32hal_f4\STM32F4xx_HAL_Driver\Inc\stm32f4xx_hal_dac_ex.h">
      <Filter>Thor\HAL</Filter>
    </ClInclude>
    <ClInclude Include="$(THOR_ROOT)\Thor\lib\stm32hal_f4\STM32F4xx_HAL_Driver\Inc\stm32f4xx_hal_dcmi.h">
      <Filter>Thor\HAL</Filter>
    </ClInclude>
    <ClInclude Include="$(THOR_ROOT)\Thor\lib\stm32hal_f4\STM32F4xx_HAL_Driver\Inc\stm32f4xx_hal_dcmi_ex.h">
      <Filter>Thor\HAL</Filter>
    </ClInclude>
    <ClInclude Include="$(THOR_ROOT)\Thor\lib\stm32hal_f4\STM32F4xx_HAL_Driver\Inc\stm32f4xx_hal_def.h">
      <Filter>Thor\HAL</Filter>
    </ClInclude>
    <ClInclude Include="$(THOR_ROOT)\Thor\lib\stm32hal_f4\STM32F4xx_HAL_Driver\Inc\stm32f4xx_hal_dfsdm.h">
      <Filter>Thor\HAL</Filter>
    </ClInclude>
    <ClInclude Include="$(THOR_ROOT)\Thor\lib\stm32hal_f4\STM32F4xx_HAL_Driver\Inc\stm32f4xx_hal_dma.h">
      <Filter>Thor\HAL</Filter>
    </ClInclude>
    <ClInclude Include="$(THOR_ROOT)\Thor\lib\stm32hal_f4\STM32F4xx_HAL_Driver\Inc\stm32f4xx_hal_dma_ex.h">
      <Filter>Thor\HAL</Filter>
    </ClInclude>
    <ClInclude Include="$(THOR_ROOT)\Thor\lib\stm32hal_f4\STM32F4xx_HAL_Driver\Inc\stm32f4xx_hal_dma2d.h">
      <Filter>Thor\HAL</Filter>
    </ClInclude>
    <ClInclude Include="$(THOR_ROOT)\Thor\lib\stm32hal_f4\STM32F4xx_HAL_Driver\Inc\stm32f4xx_hal_dsi.h">
      <Filter>Thor\HAL</Filter>
    </ClInclude>
    <ClInclude Include="$(THOR_ROOT)\Thor\lib\stm32hal_f4\STM32F4xx_HAL_Driver\Inc\stm32f4xx_hal_eth.h">
      <Filter>Thor\HAL</Filter>
    </ClInclude>
    <ClInclude Include="$(THOR_ROOT)\Thor\lib\stm32hal_f4\STM32F4xx_HAL_Driver\Inc\stm32f4xx_hal_flash.h">
      <Filter>Thor\HAL</Filter>
    </ClInclude>
    <ClInclude Include="$(THOR_ROOT)\Thor\lib\stm32hal_f4\STM32F4xx_HAL_Driver\Inc\stm32f4xx_hal_flash_ex.h">
      <Filter>Thor\HAL</Filter>
    </ClInclude>
    <ClInclude Include="$(THOR_ROOT)\Thor\lib\stm32hal_f4\STM32F4xx_HAL_Driver\Inc\stm32f4xx_hal_flash_ramfunc.h">
      <Filter>Thor\HAL</Filter>
    </ClInclude>
    <ClInclude Include="$(THOR_ROOT)\Thor\lib\stm32hal_f4\STM32F4xx_HAL_Driver\Inc\stm32f4xx_hal_fmpi2c.h">
      <Filter>Thor\HAL</Filter>
    </ClInclude>
    <ClInclude Include="$(THOR_ROOT)\Thor\lib\stm32hal_f4\STM32F4xx_HAL_Driver\Inc\stm32f4xx_hal_fmpi2c_ex.h">
      <Filter>Thor\HAL</Filter>
    </ClInclude>
    <ClInclude Include="$(THOR_ROOT)\Thor\lib\stm32hal_f4\STM32F4xx_HAL_Driver\Inc\stm32f4xx_hal_gpio.h">
      <Filter>Thor\HAL</Filter>
    </ClInclude>
    <ClInclude Include="$(THOR_ROOT)\Thor\lib\stm32hal_f4\STM32F4xx_HAL_Driver\Inc\stm32f4xx_hal_gpio_ex.h">
      <Filter>Thor\HAL</Filter>
    </ClInclude>
    <ClInclude Include="$(THOR_ROOT)\Thor\lib\stm32hal_f4\STM32F4xx_HAL_Driver\Inc\stm32f4xx_hal_hash.h">
      <Filter>Thor\HAL</Filter>
    </ClInclude>
    <ClInclude Include="$(THOR_ROOT)\Thor\lib\stm32hal_f4\STM32F4xx_HAL_Driver\Inc\stm32f4xx_hal_hash_ex.h">
      <Filter>Thor\HAL</Filter>
    </ClInclude>
    <ClInclude Include="$(THOR_ROOT)\Thor\lib\stm32hal_f4\STM32F4xx_HAL_Driver\Inc\stm32f4xx_hal_hcd.h">
      <Filter>Thor\HAL</Filter>
    </ClInclude>
    <ClInclude Include="$(THOR_ROOT)\Thor\lib\stm32hal_f4\STM32F4xx_HAL_Driver\Inc\stm32f4xx_hal_i2c.h">
      <Filter>Thor\HAL</Filter>
    </ClInclude>
    <ClInclude Include="$(THOR_ROOT)\Thor\lib\stm32hal_f4\STM32F4xx_HAL_Driver\Inc\stm32f4xx_hal_i2c_ex.h">
      <Filter>Thor\HAL</Filter>
    </ClInclude>
    <ClInclude Include="$(THOR_ROOT)\Thor\lib\stm32hal_f4\STM32F4xx_HAL_Driver\Inc\stm32f4xx_hal_i2s.h">
      <Filter>Thor\HAL</Filter>
    </ClInclude>
    <ClInclude Include="$(THOR_ROOT)\Thor\lib\stm32hal_f4\STM32F4xx_HAL_Driver\Inc\stm32f4xx_hal_i2s_ex.h">
      <Filter>Thor\HAL</Filter>
    </ClInclude>
    <ClInclude Include="$(THOR_ROOT)\Thor\lib\stm32hal_f4\STM32F4xx_HAL_Driver\Inc\stm32f4xx_hal_irda.h">
      <Filter>Thor\HAL</Filter>
    </ClInclude>
    <ClInclude Include="$(THOR_ROOT)\Thor\lib\stm32hal_f4\STM32F4xx_HAL_Driver\Inc\stm32f4xx_hal_iwdg.h">
      <Filter>Thor\HAL</Filter>
    </ClInclude>
    <ClInclude Include="$(THOR_ROOT)\Thor\lib\stm32hal_f4\STM32F4xx_HAL_Driver\Inc\stm32f4xx_hal_lptim.h">
      <Filter>Thor\HAL</Filter>
    </ClInclude>
    <ClInclude Include="$(THOR_ROOT)\Thor\lib\stm32hal_f4\STM32F4xx_HAL_Driver\Inc\stm32f4xx_hal_ltdc.h">
      <Filter>Thor\HAL</Filter>
    </ClInclude>
    <ClInclude Include="$(THOR_ROOT)\Thor\lib\stm32hal_f4\STM32F4xx_HAL_Driver\Inc\stm32f4xx_hal_ltdc_ex.h">
      <Filter>Thor\HAL</Filter>
    </ClInclude>
    <ClInclude Include="$(THOR_ROOT)\Thor\lib\stm32hal_f4\STM32F4xx_HAL_Driver\Inc\stm32f4xx_hal_mmc.h">
      <Filter>Thor\HAL</Filter>
    </ClInclude>
    <ClInclude Include="$(THOR_ROOT)\Thor\lib\stm32hal_f4\STM32F4xx_HAL_Driver\Inc\stm32f4xx_hal_nand.h">
      <Filter>Thor\HAL</Filter>
    </ClInclude>
    <ClInclude Include="$(THOR_ROOT)\Thor\lib\stm32hal_f4\STM32F4xx_HAL_Driver\Inc\stm32f4xx_hal_nor.h">
      <Filter>Thor\HAL</Filter>
    </ClInclude>
    <ClInclude Include="$(THOR_ROOT)\Thor\lib\stm32hal_f4\STM32F4xx_HAL_Driver\Inc\stm32f4xx_hal_pccard.h">
      <Filter>Thor\HAL</Filter>
    </ClInclude>
    <ClInclude Include="$(THOR_ROOT)\Thor\lib\stm32hal_f4\STM32F4xx_HAL_Driver\Inc\stm32f4xx_hal_pcd.h">
      <Filter>Thor\HAL</Filter>
    </ClInclude>
    <ClInclude Include="$(THOR_ROOT)\Thor\lib\stm32hal_f4\STM32F4xx_HAL_Driver\Inc\stm32f4xx_hal_pcd_ex.h">
      <Filter>Thor\HAL</Filter>
    </ClInclude>
    <ClInclude Include="$(THOR_ROOT)\Thor\lib\stm32hal_f4\STM32F4xx_HAL_Driver\Inc\stm32f4xx_hal_pwr.h">
      <Filter>Thor\HAL</Filter>
    </ClInclude>
    <ClInclude Include="$(THOR_ROOT)\Thor\lib\stm32hal_f4\STM32F4xx_HAL_Driver\Inc\stm32f4xx_hal_pwr_ex.h">
      <Filter>Thor\HAL</Filter>
    </ClInclude>
    <ClInclude Include="$(THOR_ROOT)\Thor\lib\stm32hal_f4\STM32F4xx_HAL_Driver\Inc\stm32f4xx_hal_qspi.h">
      <Filter>Thor\HAL</Filter>
    </ClInclude>
    <ClInclude Include="$(THOR_ROOT)\Thor\lib\stm32hal_f4\STM32F4xx_HAL_Driver\Inc\stm32f4xx_hal_rcc.h">
      <Filter>Thor\HAL</Filter>
    </ClInclude>
    <ClInclude Include="$(THOR_ROOT)\Thor\lib\stm32hal_f4\STM32F4xx_HAL_Driver\Inc\stm32f4xx_hal_rcc_ex.h">
      <Filter>Thor\HAL</Filter>
    </ClInclude>
    <ClInclude Include="$(THOR_ROOT)\Thor\lib\stm32hal_f4\STM32F4xx_HAL_Driver\Inc\stm32f4xx_hal_rng.h">
      <Filter>Thor\HAL</Filter>
    </ClInclude>
    <ClInclude Include="$(THOR_ROOT)\Thor\lib\stm32hal_f4\STM32F4xx_HAL_Driver\Inc\stm32f4xx_hal_rtc.h">
      <Filter>Thor\HAL</Filter>
    </ClInclude>
    <ClInclude Include="$(THOR_ROOT)\Thor\lib\stm32hal_f4\STM32F4xx_HAL_Driver\Inc\stm32f4xx_hal_rtc_ex.h">
      <Filter>Thor\HAL</Filter>
    </ClInclude>
    <ClInclude Include="$(THOR_ROOT)\Thor\lib\stm32hal_f4\STM32F4xx_HAL_Driver\Inc\stm32f4xx_hal_sai.h">
      <Filter>Thor\HAL</Filter>
    </ClInclude>
    <ClInclude Include="$(THOR_ROOT)\Thor\lib\stm32hal_f4\STM32F4xx_HAL_Driver\Inc\stm32f4xx_hal_sai_ex.h">
      <Filter>Thor\HAL</Filter>
    </ClInclude>
    <ClInclude Include="$(THOR_ROOT)\Thor\lib\stm32hal_f4\STM32F4xx_HAL_Driver\Inc\stm32f4xx_hal_sd.h">
      <Filter>Thor\HAL</Filter>
    </ClInclude>
    <ClInclude Include="$(THOR_ROOT)\Thor\lib\stm32hal_f4\STM32F4xx_HAL_Driver\Inc\stm32f4xx_hal_sdram.h">
      <Filter>Thor\HAL</Filter>
    </ClInclude>
    <ClInclude Include="$(THOR_ROOT)\Thor\lib\stm32hal_f4\STM32F4xx_HAL_Driver\Inc\stm32f4xx_hal_smartcard.h">
      <Filter>Thor\HAL</Filter>
    </ClInclude>
    <ClInclude Include="$(THOR_ROOT)\Thor\lib\stm32hal_f4\STM32F4xx_HAL_Driver\Inc\stm32f4xx_hal_spdifrx.h">
      <Filter>Thor\HAL</Filter>
    </ClInclude>
    <ClInclude Include="$(THOR_ROOT)\Thor\lib\stm32hal_f4\STM32F4xx_HAL_Driver\Inc\stm32f4xx_hal_spi.h">
      <Filter>Thor\HAL</Filter>
    </ClInclude>
    <ClInclude Include="$(THOR_ROOT)\Thor\lib\stm32hal_f4\STM32F4xx_HAL_Driver\Inc\stm32f4xx_hal_sram.h">
      <Filter>Thor\HAL</Filter>
    </ClInclude>
    <ClInclude Include="$(THOR_ROOT)\Thor\lib\stm32hal_f4\STM32F4xx_HAL_Driver\Inc\stm32f4xx_hal_tim.h">
      <Filter>Thor\HAL</Filter>
    </ClInclude>
    <ClInclude Include="$(THOR_ROOT)\Thor\lib\stm32hal_f4\STM32F4xx_HAL_Driver\Inc\stm32f4xx_hal_tim_ex.h">
      <Filter>Thor\HAL</Filter>
    </ClInclude>
    <ClInclude Include="$(THOR_ROOT)\Thor\lib\stm32hal_f4\STM32F4xx_HAL_Driver\Inc\stm32f4xx_hal_uart.h">
      <Filter>Thor\HAL</Filter>
    </ClInclude>
    <ClInclude Include="$(THOR_ROOT)\Thor\lib\stm32hal_f4\STM32F4xx_HAL_Driver\Inc\stm32f4xx_hal_usart.h">
      <Filter>Thor\HAL</Filter>
    </ClInclude>
    <ClInclude Include="$(THOR_ROOT)\Thor\lib\stm32hal_f4\STM32F4xx_HAL_Driver\Inc\stm32f4xx_hal_wwdg.h">
      <Filter>Thor\HAL</Filter>
    </ClInclude>
    <ClInclude Include="$(THOR_ROOT)\Thor\lib\stm32hal_f4\STM32F4xx_HAL_Driver\Inc\stm32f4xx_ll_adc.h">
      <Filter>Thor\HAL</Filter>
    </ClInclude>
    <ClInclude Include="$(THOR_ROOT)\Thor\lib\stm32hal_f4\STM32F4xx_HAL_Driver\Inc\stm32f4xx_ll_bus.h">
      <Filter>Thor\HAL</Filter>
    </ClInclude>
    <ClInclude Include="$(THOR_ROOT)\Thor\lib\stm32hal_f4\STM32F4xx_HAL_Driver\Inc\stm32f4xx_ll_cortex.h">
      <Filter>Thor\HAL</Filter>
    </ClInclude>
    <ClInclude Include="$(THOR_ROOT)\Thor\lib\stm32hal_f4\STM32F4xx_HAL_Driver\Inc\stm32f4xx_ll_crc.h">
      <Filter>Thor\HAL</Filter>
    </ClInclude>
    <ClInclude Include="$(THOR_ROOT)\Thor\lib\stm32hal_f4\STM32F4xx_HAL_Driver\Inc\stm32f4xx_ll_dac.h">
      <Filter>Thor\HAL</Filter>
    </ClInclude>
    <ClInclude Include="$(THOR_ROOT)\Thor\lib\stm32hal_f4\STM32F4xx_HAL_Driver\Inc\stm32f4xx_ll_dma.h">
      <Filter>Thor\HAL</Filter>
    </ClInclude>
    <ClInclude Include="$(THOR_ROOT)\Thor\lib\stm32hal_f4\STM32F4xx_HAL_Driver\Inc\stm32f4xx_ll_dma2d.h">
      <Filter>Thor\HAL</Filter>
    </ClInclude>
    <ClInclude Include="$(THOR_ROOT)\Thor\lib\stm32hal_f4\STM32F4xx_HAL_Driver\Inc\stm32f4xx_ll_exti.h">
      <Filter>Thor\HAL</Filter>
    </ClInclude>
    <ClInclude Include="$(THOR_ROOT)\Thor\lib\stm32hal_f4\STM32F4xx_HAL_Driver\Inc\stm32f4xx_ll_fmc.h">
      <Filter>Thor\HAL</Filter>
    </ClInclude>
    <ClInclude Include="$(THOR_ROOT)\Thor\lib\stm32hal_f4\STM32F4xx_HAL_Driver\Inc\stm32f4xx_ll_fsmc.h">
      <Filter>Thor\HAL</Filter>
    </ClInclude>
    <ClInclude Include="$(THOR_ROOT)\Thor\lib\stm32hal_f4\STM32F4xx_HAL_Driver\Inc\stm32f4xx_ll_gpio.h">
      <Filter>Thor\HAL</Filter>
    </ClInclude>
    <ClInclude Include="$(THOR_ROOT)\Thor\lib\stm32hal_f4\STM32F4xx_HAL_Driver\Inc\stm32f4xx_ll_i2c.h">
      <Filter>Thor\HAL</Filter>
    </ClInclude>
    <ClInclude Include="$(THOR_ROOT)\Thor\lib\stm32hal_f4\STM32F4xx_HAL_Driver\Inc\stm32f4xx_ll_iwdg.h">
      <Filter>Thor\HAL</Filter>
    </ClInclude>
    <ClInclude Include="$(THOR_ROOT)\Thor\lib\stm32hal_f4\STM32F4xx_HAL_Driver\Inc\stm32f4xx_ll_lptim.h">
      <Filter>Thor\HAL</Filter>
    </ClInclude>
    <ClInclude Include="$(THOR_ROOT)\Thor\lib\stm32hal_f4\STM32F4xx_HAL_Driver\Inc\stm32f4xx_ll_pwr.h">
      <Filter>Thor\HAL</Filter>
    </ClInclude>
    <ClInclude Include="$(THOR_ROOT)\Thor\lib\stm32hal_f4\STM32F4xx_HAL_Driver\Inc\stm32f4xx_ll_rcc.h">
      <Filter>Thor\HAL</Filter>
    </ClInclude>
    <ClInclude Include="$(THOR_ROOT)\Thor\lib\stm32hal_f4\STM32F4xx_HAL_Driver\Inc\stm32f4xx_ll_rng.h">
      <Filter>Thor\HAL</Filter>
    </ClInclude>
    <ClInclude Include="$(THOR_ROOT)\Thor\lib\stm32hal_f4\STM32F4xx_HAL_Driver\Inc\stm32f4xx_ll_rtc.h">
      <Filter>Thor\HAL</Filter>
    </ClInclude>
    <ClInclude Include="$(THOR_ROOT)\Thor\lib\stm32hal_f4\STM32F4xx_HAL_Driver\Inc\stm32f4xx_ll_sdmmc.h">
      <Filter>Thor\HAL</Filter>
    </ClInclude>
    <ClInclude Include="$(THOR_ROOT)\Thor\lib\stm32hal_f4\STM32F4xx_HAL_Driver\Inc\stm32f4xx_ll_spi.h">
      <Filter>Thor\HAL</Filter>
    </ClInclude>
    <ClInclude Include="$(THOR_ROOT)\Thor\lib\stm32hal_f4\STM32F4xx_HAL_Driver\Inc\stm32f4xx_ll_system.h">
      <Filter>Thor\HAL</Filter>
    </ClInclude>
    <ClInclude Include="$(THOR_ROOT)\Thor\lib\stm32hal_f4\STM32F4xx_HAL_Driver\Inc\stm32f4xx_ll_tim.h">
      <Filter>Thor\HAL</Filter>
    </ClInclude>
    <ClInclude Include="$(THOR_ROOT)\Thor\lib\stm32hal_f4\STM32F4xx_HAL_Driver\Inc\stm32f4xx_ll_usart.h">
      <Filter>Thor\HAL</Filter>
    </ClInclude>
    <ClInclude Include="$(THOR_ROOT)\Thor\lib\stm32hal_f4\STM32F4xx_HAL_Driver\Inc\stm32f4xx_ll_usb.h">
      <Filter>Thor\HAL</Filter>
    </ClInclude>
    <ClInclude Include="$(THOR_ROOT)\Thor\lib\stm32hal_f4\STM32F4xx_HAL_Driver\Inc\stm32f4xx_ll_utils.h">
      <Filter>Thor\HAL</Filter>
    </ClInclude>
    <ClInclude Include="$(THOR_ROOT)\Thor\lib\stm32hal_f4\STM32F4xx_HAL_Driver\Inc\stm32f4xx_ll_wwdg.h">
      <Filter>Thor\HAL</Filter>
    </ClInclude>
    <ClInclude Include="$(THOR_ROOT)\Thor\lib\stm32hal_f4\Device\include\stm32f446xx.h">
      <Filter>Thor\HAL</Filter>
    </ClInclude>
    <ClInclude Include="$(THOR_ROOT)\Thor\lib\stm32hal_f4\Device\include\system_stm32f4xx.h">
      <Filter>Thor\HAL</Filter>
    </ClInclude>
    <ClInclude Include="$(CHIMERA_ROOT)\Chimera\config.hpp">
      <Filter>Chimera</Filter>
    </ClInclude>
    <ClInclude Include="$(CHIMERA_ROOT)\Chimera\assertion.hpp">
      <Filter>Chimera</Filter>
    </ClInclude>
    <ClInclude Include="$(CHIMERA_ROOT)\Chimera\utilities.hpp">
      <Filter>Chimera</Filter>
    </ClInclude>
    <ClInclude Include="$(CHIMERA_ROOT)\Chimera\types.hpp">
      <Filter>Chimera</Filter>
    </ClInclude>
    <ClInclude Include="$(CHIMERA_ROOT)\Chimera\threading.hpp">
      <Filter>Chimera</Filter>
    </ClInclude>
    <ClInclude Include="$(CHIMERA_ROOT)\Chimera\spi.hpp">
      <Filter>Chimera</Filter>
    </ClInclude>
    <ClInclude Include="$(CHIMERA_ROOT)\Chimera\serial.hpp">
      <Filter>Chimera</Filter>
    </ClInclude>
    <ClInclude Include="$(CHIMERA_ROOT)\Chimera\preprocessor.hpp">
      <Filter>Chimera</Filter>
    </ClInclude>
    <ClInclude Include="$(CHIMERA_ROOT)\Chimera\logging.hpp">
      <Filter>Chimera</Filter>
    </ClInclude>
    <ClInclude Include="$(CHIMERA_ROOT)\Chimera\interface.hpp">
      <Filter>Chimera</Filter>
    </ClInclude>
    <ClInclude Include="$(CHIMERA_ROOT)\Chimera\gpio.hpp">
      <Filter>Chimera</Filter>
    </ClInclude>
    <ClInclude Include="$(CHIMERA_ROOT)\Chimera\chimera.hpp">
      <Filter>Chimera</Filter>
    </ClInclude>
    <ClInclude Include="$(THOR_ROOT)\Thor\Thor\include\utilities.hpp">
      <Filter>Thor\Include</Filter>
    </ClInclude>
    <ClInclude Include="$(THOR_ROOT)\Thor\Thor\include\boostStub.hpp">
      <Filter>Thor\Include</Filter>
    </ClInclude>
    <ClInclude Include="$(THOR_ROOT)\Thor\Thor\include\clock.hpp">
      <Filter>Thor\Include</Filter>
    </ClInclude>
    <ClInclude Include="$(THOR_ROOT)\Thor\Thor\include\config.hpp">
      <Filter>Thor\Include</Filter>
    </ClInclude>
    <ClInclude Include="$(THOR_ROOT)\Thor\Thor\include\core.hpp">
      <Filter>Thor\Include</Filter>
    </ClInclude>
    <ClInclude Include="$(THOR_ROOT)\Thor\Thor\include\defaults.hpp">
      <Filter>Thor\Include</Filter>
    </ClInclude>
    <ClInclude Include="$(THOR_ROOT)\Thor\Thor\include\definitions.hpp">
      <Filter>Thor\Include</Filter>
    </ClInclude>
    <ClInclude Include="$(THOR_ROOT)\Thor\Thor\include\exceptions.hpp">
      <Filter>Thor\Include</Filter>
    </ClInclude>
    <ClInclude Include="$(THOR_ROOT)\Thor\Thor\include\exti.hpp">
      <Filter>Thor\Include</Filter>
    </ClInclude>
    <ClInclude Include="$(THOR_ROOT)\Thor\Thor\include\flags.hpp">
      <Filter>Thor\Include</Filter>
    </ClInclude>
    <ClInclude Include="$(THOR_ROOT)\Thor\Thor\include\gdb.hpp">
      <Filter>Thor\Include</Filter>
    </ClInclude>
    <ClInclude Include="$(THOR_ROOT)\Thor\Thor\include\gpio.hpp">
      <Filter>Thor\Include</Filter>
    </ClInclude>
    <ClInclude Include="$(THOR_ROOT)\Thor\Thor\include\headers.hpp">
      <Filter>Thor\Include</Filter>
    </ClInclude>
    <ClInclude Include="$(THOR_ROOT)\Thor\Thor\include\i2c.hpp">
      <Filter>Thor\Include</Filter>
    </ClInclude>
    <ClInclude Include="$(THOR_ROOT)\Thor\Thor\include\interrupt.hpp">
      <Filter>Thor\Include</Filter>
    </ClInclude>
    <ClInclude Include="$(THOR_ROOT)\Thor\Thor\include\macro.hpp">
      <Filter>Thor\Include</Filter>
    </ClInclude>
    <ClInclude Include="$(THOR_ROOT)\Thor\Thor\include\mem.hpp">
      <Filter>Thor\Include</Filter>
    </ClInclude>
    <ClInclude Include="$(THOR_ROOT)\Thor\Thor\include\nucleo.hpp">
      <Filter>Thor\Include</Filter>
    </ClInclude>
    <ClInclude Include="$(THOR_ROOT)\Thor\Thor\include\preprocessor.hpp">
      <Filter>Thor\Include</Filter>
    </ClInclude>
    <ClInclude Include="$(THOR_ROOT)\Thor\Thor\include\print.hpp">
      <Filter>Thor\Include</Filter>
    </ClInclude>
    <ClInclude Include="$(THOR_ROOT)\Thor\Thor\include\pwm.hpp">
      <Filter>Thor\Include</Filter>
    </ClInclude>
    <ClInclude Include="$(THOR_ROOT)\Thor\Thor\include\ringbuffer.hpp">
      <Filter>Thor\Include</Filter>
    </ClInclude>
    <ClInclude Include="$(THOR_ROOT)\Thor\Thor\include\rpc.hpp">
      <Filter>Thor\Include</Filter>
    </ClInclude>
    <ClInclude Include="$(THOR_ROOT)\Thor\Thor\include\serial.hpp">
      <Filter>Thor\Include</Filter>
    </ClInclude>
    <ClInclude Include="$(THOR_ROOT)\Thor\Thor\include\spi.hpp">
      <Filter>Thor\Include</Filter>
    </ClInclude>
    <ClInclude Include="$(THOR_ROOT)\Thor\Thor\include\system.hpp">
      <Filter>Thor\Include</Filter>
    </ClInclude>
    <ClInclude Include="$(THOR_ROOT)\Thor\Thor\include\thor.hpp">
      <Filter>Thor\Include</Filter>
    </ClInclude>
    <ClInclude Include="$(THOR_ROOT)\Thor\Thor\include\threads.hpp">
      <Filter>Thor\Include</Filter>
    </ClInclude>
    <ClInclude Include="$(THOR_ROOT)\Thor\Thor\include\timer.hpp">
      <Filter>Thor\Include</Filter>
    </ClInclude>
    <ClInclude Include="$(THOR_ROOT)\Thor\Thor\include\types.hpp">
      <Filter>Thor\Include</Filter>
    </ClInclude>
    <ClInclude Include="$(THOR_ROOT)\Thor\Thor\include\uart.hpp">
      <Filter>Thor\Include</Filter>
    </ClInclude>
    <ClInclude Include="$(THOR_ROOT)\Thor\Thor\include\usart.hpp">
      <Filter>Thor\Include</Filter>
    </ClInclude>
    <ClInclude Include="$(THOR_ROOT)\Thor\lib\FreeRTOS\config\stm32\FreeRTOSConfig.h">
      <Filter>FreeRTOS\config\stm32</Filter>
    </ClInclude>
    <ClInclude Include="$(THOR_ROOT)\Thor\lib\FreeRTOS\include\timers.h">
      <Filter>FreeRTOS\include</Filter>
    </ClInclude>
    <ClInclude Include="$(THOR_ROOT)\Thor\lib\FreeRTOS\include\croutine.h">
      <Filter>FreeRTOS\include</Filter>
    </ClInclude>
    <ClInclude Include="$(THOR_ROOT)\Thor\lib\FreeRTOS\include\deprecated_definitions.h">
      <Filter>FreeRTOS\include</Filter>
    </ClInclude>
    <ClInclude Include="$(THOR_ROOT)\Thor\lib\FreeRTOS\include\event_groups.h">
      <Filter>FreeRTOS\include</Filter>
    </ClInclude>
    <ClInclude Include="$(THOR_ROOT)\Thor\lib\FreeRTOS\include\FreeRTOS.h">
      <Filter>FreeRTOS\include</Filter>
    </ClInclude>
    <ClInclude Include="$(THOR_ROOT)\Thor\lib\FreeRTOS\include\list.h">
      <Filter>FreeRTOS\include</Filter>
    </ClInclude>
    <ClInclude Include="$(THOR_ROOT)\Thor\lib\FreeRTOS\include\message_buffer.h">
      <Filter>FreeRTOS\include</Filter>
    </ClInclude>
    <ClInclude Include="$(THOR_ROOT)\Thor\lib\FreeRTOS\include\mpu_prototypes.h">
      <Filter>FreeRTOS\include</Filter>
    </ClInclude>
    <ClInclude Include="$(THOR_ROOT)\Thor\lib\FreeRTOS\include\mpu_wrappers.h">
      <Filter>FreeRTOS\include</Filter>
    </ClInclude>
    <ClInclude Include="$(THOR_ROOT)\Thor\lib\FreeRTOS\include\portable.h">
      <Filter>FreeRTOS\include</Filter>
    </ClInclude>
    <ClInclude Include="$(THOR_ROOT)\Thor\lib\FreeRTOS\include\projdefs.h">
      <Filter>FreeRTOS\include</Filter>
    </ClInclude>
    <ClInclude Include="$(THOR_ROOT)\Thor\lib\FreeRTOS\include\queue.h">
      <Filter>FreeRTOS\include</Filter>
    </ClInclude>
    <ClInclude Include="$(THOR_ROOT)\Thor\lib\FreeRTOS\include\semphr.h">
      <Filter>FreeRTOS\include</Filter>
    </ClInclude>
    <ClInclude Include="$(THOR_ROOT)\Thor\lib\FreeRTOS\include\stack_macros.h">
      <Filter>FreeRTOS\include</Filter>
    </ClInclude>
    <ClInclude Include="$(THOR_ROOT)\Thor\lib\FreeRTOS\include\StackMacros.h">
      <Filter>FreeRTOS\include</Filter>
    </ClInclude>
    <ClInclude Include="$(THOR_ROOT)\Thor\lib\FreeRTOS\include\stream_buffer.h">
      <Filter>FreeRTOS\include</Filter>
    </ClInclude>
    <ClInclude Include="$(THOR_ROOT)\Thor\lib\FreeRTOS\include\task.h">
      <Filter>FreeRTOS\include</Filter>
    </ClInclude>
    <ClInclude Include="$(THOR_ROOT)\Thor\lib\FreeRTOS\portable\GCC\ARM_CM4F\portmacro.h">
      <Filter>FreeRTOS\portable\GCC\ARM_CM4F</Filter>
    </ClInclude>
    <ClInclude Include="sender_thread.hpp">
      <Filter>Source files</Filter>
    </ClInclude>
    <ClInclude Include="..\..\..\..\nrf24l01.hpp">
      <Filter>nRF24L01</Filter>
    </ClInclude>
    <ClInclude Include="..\..\..\..\nrf24l01Definitions.hpp">
      <Filter>nRF24L01</Filter>
    </ClInclude>
  </ItemGroup>
</Project>