
Microsoft Visual Studio Solution File, Format Version 12.00
# Visual Studio 15
VisualStudioVersion = 15.0.28307.106
MinimumVisualStudioVersion = 10.0.40219.1
Project("{8BC9CEB8-8B4A-11D0-8D11-00A0C91BC942}") = "ReceiverSTM32", "ReceiverSTM32\ReceiverSTM32.vcxproj", "{AA5D2F65-55E9-4897-B0AD-A7DA52604FD6}"
EndProject
Global
	GlobalSection(SolutionConfigurationPlatforms) = preSolution
		Debug|VisualGDB = Debug|VisualGDB
		Release|VisualGDB = Release|VisualGDB
	EndGlobalSection
	GlobalSection(ProjectConfigurationPlatforms) = postSolution
		{AA5D2F65-55E9-4897-B0AD-A7DA52604FD6}.Debug|VisualGDB.ActiveCfg = Debug|VisualGDB
		{AA5D2F65-55E9-4897-B0AD-A7DA52604FD6}.Debug|VisualGDB.Build.0 = Debug|VisualGDB
		{AA5D2F65-55E9-4897-B0AD-A7DA52604FD6}.Release|VisualGDB.ActiveCfg = Release|VisualGDB
		{AA5D2F65-55E9-4897-B0AD-A7DA52604FD6}.Release|VisualGDB.Build.0 = Release|VisualGDB
	EndGlobalSection
	GlobalSection(SolutionProperties) = preSolution
		HideSolutionNode = FALSE
	EndGlobalSection
	GlobalSection(ExtensibilityGlobals) = postSolution
		SolutionGuid = {4BE6E3DB-5246-4ACD-8AC0-D3107839836B}
	EndGlobalSection
EndGlobal
