
Microsoft Visual Studio Solution File, Format Version 12.00
# Visual Studio 15
VisualStudioVersion = 15.0.28307.106
MinimumVisualStudioVersion = 10.0.40219.1
Project("{8BC9CEB8-8B4A-11D0-8D11-00A0C91BC942}") = "EthernetReceiverSTM32", "EthernetReceiverSTM32\EthernetReceiverSTM32.vcxproj", "{541586DC-E542-4D31-BA06-FDF846FFD1C0}"
EndProject
Global
	GlobalSection(SolutionConfigurationPlatforms) = preSolution
		Debug|VisualGDB = Debug|VisualGDB
		Release|VisualGDB = Release|VisualGDB
	EndGlobalSection
	GlobalSection(ProjectConfigurationPlatforms) = postSolution
		{541586DC-E542-4D31-BA06-FDF846FFD1C0}.Debug|VisualGDB.ActiveCfg = Debug|VisualGDB
		{541586DC-E542-4D31-BA06-FDF846FFD1C0}.Debug|VisualGDB.Build.0 = Debug|VisualGDB
		{541586DC-E542-4D31-BA06-FDF846FFD1C0}.Release|VisualGDB.ActiveCfg = Release|VisualGDB
		{541586DC-E542-4D31-BA06-FDF846FFD1C0}.Release|VisualGDB.Build.0 = Release|VisualGDB
	EndGlobalSection
	GlobalSection(SolutionProperties) = preSolution
		HideSolutionNode = FALSE
	EndGlobalSection
	GlobalSection(ExtensibilityGlobals) = postSolution
		SolutionGuid = {7FFD3E46-DFEE-4776-B378-841727E9724A}
	EndGlobalSection
EndGlobal
